
Microsoft Visual Studio Solution File, Format Version 12.00
# Visual Studio Version 17
VisualStudioVersion = 17.9.34622.214
MinimumVisualStudioVersion = 10.0.40219.1
Project("{8BC9CEB8-8B4A-11D0-8D11-00A0C91BC942}") = "GW2Load", "GW2Load.vcxproj", "{4AC98C3C-DB68-4C2C-A777-6BD654983307}"
EndProject
Project("{8BC9CEB8-8B4A-11D0-8D11-00A0C91BC942}") = "StandaloneTestApp", "StandaloneTestApp.vcxproj", "{B4D8B6B3-E8FD-4675-B124-E197A9674D69}"
EndProject
Global
	GlobalSection(SolutionConfigurationPlatforms) = preSolution
		Debug|x64 = Debug|x64
		Debug|x86 = Debug|x86
		Release|x64 = Release|x64
		Release|x86 = Release|x86
	EndGlobalSection
	GlobalSection(ProjectConfigurationPlatforms) = postSolution
		{4AC98C3C-DB68-4C2C-A777-6BD654983307}.Debug|x64.ActiveCfg = Debug|x64
		{4AC98C3C-DB68-4C2C-A777-6BD654983307}.Debug|x64.Build.0 = Debug|x64
		{4AC98C3C-DB68-4C2C-A777-6BD654983307}.Debug|x86.ActiveCfg = Debug|x64
		{4AC98C3C-DB68-4C2C-A777-6BD654983307}.Debug|x86.Build.0 = Debug|x64
		{4AC98C3C-DB68-4C2C-A777-6BD654983307}.Release|x64.ActiveCfg = Release|x64
		{4AC98C3C-DB68-4C2C-A777-6BD654983307}.Release|x64.Build.0 = Release|x64
		{4AC98C3C-DB68-4C2C-A777-6BD654983307}.Release|x86.ActiveCfg = Release|x64
		{4AC98C3C-DB68-4C2C-A777-6BD654983307}.Release|x86.Build.0 = Release|x64
		{B4D8B6B3-E8FD-4675-B124-E197A9674D69}.Debug|x64.ActiveCfg = Debug|x64
		{B4D8B6B3-E8FD-4675-B124-E197A9674D69}.Debug|x64.Build.0 = Debug|x64
		{B4D8B6B3-E8FD-4675-B124-E197A9674D69}.Debug|x86.ActiveCfg = Debug|Win32
		{B4D8B6B3-E8FD-4675-B124-E197A9674D69}.Debug|x86.Build.0 = Debug|Win32
		{B4D8B6B3-E8FD-4675-B124-E197A9674D69}.Release|x64.ActiveCfg = Release|x64
		{B4D8B6B3-E8FD-4675-B124-E197A9674D69}.Release|x64.Build.0 = Release|x64
		{B4D8B6B3-E8FD-4675-B124-E197A9674D69}.Release|x86.ActiveCfg = Release|Win32
		{B4D8B6B3-E8FD-4675-B124-E197A9674D69}.Release|x86.Build.0 = Release|Win32
	EndGlobalSection
	GlobalSection(SolutionProperties) = preSolution
		HideSolutionNode = FALSE
	EndGlobalSection
	GlobalSection(ExtensibilityGlobals) = postSolution
		SolutionGuid = {AAF42DDE-92DC-4A19-9491-0C0CF482070D}
	EndGlobalSection
EndGlobal
